// !$*UTF8*$!
{
	archiveVersion = 1;
	classes = {
	};
	objectVersion = 46;
	objects = {

/* Begin PBXBuildFile section */
		FF086F4E1C9000BC002C78F0 /* SecurityContext.swift in Sources */ = {isa = PBXBuildFile; fileRef = FF086F4D1C9000BC002C78F0 /* SecurityContext.swift */; };
		FF086F511C907760002C78F0 /* ZeroVaultsVC.swift in Sources */ = {isa = PBXBuildFile; fileRef = FF086F501C907760002C78F0 /* ZeroVaultsVC.swift */; };
		FF3F56731CBE89D200450DF4 /* SecretVCFieldCell.swift in Sources */ = {isa = PBXBuildFile; fileRef = FF3F56721CBE89D200450DF4 /* SecretVCFieldCell.swift */; };
		FF3F56751CBE89E000450DF4 /* SecretVCNoteCell.swift in Sources */ = {isa = PBXBuildFile; fileRef = FF3F56741CBE89E000450DF4 /* SecretVCNoteCell.swift */; };
		FF4B549E1C945EBA00522159 /* AddVaultTVC.swift in Sources */ = {isa = PBXBuildFile; fileRef = FF4B549D1C945EBA00522159 /* AddVaultTVC.swift */; };
		FF5C526C1C99AC2600916E1B /* VaultVC.swift in Sources */ = {isa = PBXBuildFile; fileRef = FF5C526B1C99AC2600916E1B /* VaultVC.swift */; };
		FF63D9C41C8ED5B400C3548C /* NSData+ErrorHandling.m in Sources */ = {isa = PBXBuildFile; fileRef = FF63D9C31C8ED5B400C3548C /* NSData+ErrorHandling.m */; };
		FF63D9C71C8EF45C00C3548C /* NSException+Convertor.m in Sources */ = {isa = PBXBuildFile; fileRef = FF63D9C61C8EF45C00C3548C /* NSException+Convertor.m */; };
		FF63D9CA1C8F2E0700C3548C /* NSData+Extension.swift in Sources */ = {isa = PBXBuildFile; fileRef = FF63D9C91C8F2E0700C3548C /* NSData+Extension.swift */; };
		FF6692AE1CA0805A0092241D /* AddSecretValueCell.swift in Sources */ = {isa = PBXBuildFile; fileRef = FF6692AD1CA0805A0092241D /* AddSecretValueCell.swift */; };
		FF89C05E1C8C16A800779E5D /* VaultCell.swift in Sources */ = {isa = PBXBuildFile; fileRef = FF89C05D1C8C16A800779E5D /* VaultCell.swift */; };
		FF89C0631C8C2D9A00779E5D /* AESCryptor.m in Sources */ = {isa = PBXBuildFile; fileRef = FF89C0621C8C2D9A00779E5D /* AESCryptor.m */; };
		FFA6C46C1C9698A20018F5CE /* GetPassphraseVC.swift in Sources */ = {isa = PBXBuildFile; fileRef = FFA6C46B1C9698A20018F5CE /* GetPassphraseVC.swift */; };
		FFAB92CD1CC01F0C004421DA /* spanac.swift in Sources */ = {isa = PBXBuildFile; fileRef = FFAB92CC1CC01F0C004421DA /* spanac.swift */; };
		FFB346861CBD3EFE00A7BFFB /* SecretVC.swift in Sources */ = {isa = PBXBuildFile; fileRef = FFB346851CBD3EFE00A7BFFB /* SecretVC.swift */; };
		FFB664721C877A8800D0157B /* AppDelegate.swift in Sources */ = {isa = PBXBuildFile; fileRef = FFB664711C877A8800D0157B /* AppDelegate.swift */; };
		FFB664761C877A8800D0157B /* SecondViewController.swift in Sources */ = {isa = PBXBuildFile; fileRef = FFB664751C877A8800D0157B /* SecondViewController.swift */; };
		FFB664791C877A8800D0157B /* Main.storyboard in Resources */ = {isa = PBXBuildFile; fileRef = FFB664771C877A8800D0157B /* Main.storyboard */; };
		FFB6647B1C877A8800D0157B /* Assets.xcassets in Resources */ = {isa = PBXBuildFile; fileRef = FFB6647A1C877A8800D0157B /* Assets.xcassets */; };
		FFB6647E1C877A8800D0157B /* LaunchScreen.storyboard in Resources */ = {isa = PBXBuildFile; fileRef = FFB6647C1C877A8800D0157B /* LaunchScreen.storyboard */; };
		FFB664891C877A8800D0157B /* KeysTests.swift in Sources */ = {isa = PBXBuildFile; fileRef = FFB664881C877A8800D0157B /* KeysTests.swift */; };
		FFB664941C877A8800D0157B /* KeysUITests.swift in Sources */ = {isa = PBXBuildFile; fileRef = FFB664931C877A8800D0157B /* KeysUITests.swift */; };
		FFB664A31C877DCB00D0157B /* Vault.swift in Sources */ = {isa = PBXBuildFile; fileRef = FFB664A21C877DCB00D0157B /* Vault.swift */; };
		FFB664A51C87800B00D0157B /* Secret.swift in Sources */ = {isa = PBXBuildFile; fileRef = FFB664A41C87800B00D0157B /* Secret.swift */; };
		FFB664A71C8780DB00D0157B /* SecretField.swift in Sources */ = {isa = PBXBuildFile; fileRef = FFB664A61C8780DB00D0157B /* SecretField.swift */; };
		FFB664A91C8784DF00D0157B /* Repository.swift in Sources */ = {isa = PBXBuildFile; fileRef = FFB664A81C8784DF00D0157B /* Repository.swift */; };
		FFBA520B1CAAFEFA001D4B33 /* SecretCell.swift in Sources */ = {isa = PBXBuildFile; fileRef = FFBA520A1CAAFEF9001D4B33 /* SecretCell.swift */; };
		FFD8440D1C9D714500D46E7F /* Image.swift in Sources */ = {isa = PBXBuildFile; fileRef = FFD8440C1C9D714500D46E7F /* Image.swift */; };
		FFD8440F1C9D7FEA00D46E7F /* AddSecretVC.swift in Sources */ = {isa = PBXBuildFile; fileRef = FFD8440E1C9D7FEA00D46E7F /* AddSecretVC.swift */; };
		FFD980B11C88610D004DF3D2 /* VaultsVC.swift in Sources */ = {isa = PBXBuildFile; fileRef = FFD980B01C88610D004DF3D2 /* VaultsVC.swift */; };
		FFDB261D1CBD7B4400858CB3 /* SecretVCTitleCell.swift in Sources */ = {isa = PBXBuildFile; fileRef = FFDB261C1CBD7B4400858CB3 /* SecretVCTitleCell.swift */; };
		FFE568AF1CA5D99E009FC98A /* AddSecretNoteCell.swift in Sources */ = {isa = PBXBuildFile; fileRef = FFE568AE1CA5D99E009FC98A /* AddSecretNoteCell.swift */; };
		FFE73D8C1CA2B62C0061B2BD /* MenuVC.swift in Sources */ = {isa = PBXBuildFile; fileRef = FFE73D8B1CA2B62C0061B2BD /* MenuVC.swift */; };
		FFF5E49D1C89C68500CD7DF5 /* VaultFile.swift in Sources */ = {isa = PBXBuildFile; fileRef = FFF5E49C1C89C68500CD7DF5 /* VaultFile.swift */; };
		FFFECE641CADAB2900E7C484 /* RecordDescriptor.swift in Sources */ = {isa = PBXBuildFile; fileRef = FFFECE631CADAB2900E7C484 /* RecordDescriptor.swift */; };
		FFFECE661CADAB3B00E7C484 /* RowDescriptor.swift in Sources */ = {isa = PBXBuildFile; fileRef = FFFECE651CADAB3B00E7C484 /* RowDescriptor.swift */; };
		FFFECE681CADAC2400E7C484 /* TypeRowDescriptor.swift in Sources */ = {isa = PBXBuildFile; fileRef = FFFECE671CADAC2400E7C484 /* TypeRowDescriptor.swift */; };
		FFFECE6A1CADB0B300E7C484 /* SecretFieldRowDescriptor.swift in Sources */ = {isa = PBXBuildFile; fileRef = FFFECE691CADB0B300E7C484 /* SecretFieldRowDescriptor.swift */; };
		FFFECE6E1CADB1A800E7C484 /* AddFieldRowDescriptor.swift in Sources */ = {isa = PBXBuildFile; fileRef = FFFECE6D1CADB1A800E7C484 /* AddFieldRowDescriptor.swift */; };
/* End PBXBuildFile section */

/* Begin PBXContainerItemProxy section */
		FFB664851C877A8800D0157B /* PBXContainerItemProxy */ = {
			isa = PBXContainerItemProxy;
			containerPortal = FFB664661C877A8800D0157B /* Project object */;
			proxyType = 1;
			remoteGlobalIDString = FFB6646D1C877A8800D0157B;
			remoteInfo = Keys;
		};
		FFB664901C877A8800D0157B /* PBXContainerItemProxy */ = {
			isa = PBXContainerItemProxy;
			containerPortal = FFB664661C877A8800D0157B /* Project object */;
			proxyType = 1;
			remoteGlobalIDString = FFB6646D1C877A8800D0157B;
			remoteInfo = Keys;
		};
/* End PBXContainerItemProxy section */

/* Begin PBXFileReference section */
		FF086F4D1C9000BC002C78F0 /* SecurityContext.swift */ = {isa = PBXFileReference; fileEncoding = 4; lastKnownFileType = sourcecode.swift; path = SecurityContext.swift; sourceTree = "<group>"; };
		FF086F501C907760002C78F0 /* ZeroVaultsVC.swift */ = {isa = PBXFileReference; fileEncoding = 4; lastKnownFileType = sourcecode.swift; path = ZeroVaultsVC.swift; sourceTree = "<group>"; };
		FF3F56721CBE89D200450DF4 /* SecretVCFieldCell.swift */ = {isa = PBXFileReference; fileEncoding = 4; lastKnownFileType = sourcecode.swift; path = SecretVCFieldCell.swift; sourceTree = "<group>"; };
		FF3F56741CBE89E000450DF4 /* SecretVCNoteCell.swift */ = {isa = PBXFileReference; fileEncoding = 4; lastKnownFileType = sourcecode.swift; path = SecretVCNoteCell.swift; sourceTree = "<group>"; };
		FF4B549D1C945EBA00522159 /* AddVaultTVC.swift */ = {isa = PBXFileReference; fileEncoding = 4; lastKnownFileType = sourcecode.swift; path = AddVaultTVC.swift; sourceTree = "<group>"; };
		FF5C526B1C99AC2600916E1B /* VaultVC.swift */ = {isa = PBXFileReference; fileEncoding = 4; lastKnownFileType = sourcecode.swift; path = VaultVC.swift; sourceTree = "<group>"; };
		FF63D9C21C8ED5B400C3548C /* NSData+ErrorHandling.h */ = {isa = PBXFileReference; fileEncoding = 4; lastKnownFileType = sourcecode.c.h; path = "NSData+ErrorHandling.h"; sourceTree = "<group>"; };
		FF63D9C31C8ED5B400C3548C /* NSData+ErrorHandling.m */ = {isa = PBXFileReference; fileEncoding = 4; lastKnownFileType = sourcecode.c.objc; path = "NSData+ErrorHandling.m"; sourceTree = "<group>"; };
		FF63D9C51C8EF45C00C3548C /* NSException+Convertor.h */ = {isa = PBXFileReference; fileEncoding = 4; lastKnownFileType = sourcecode.c.h; path = "NSException+Convertor.h"; sourceTree = "<group>"; };
		FF63D9C61C8EF45C00C3548C /* NSException+Convertor.m */ = {isa = PBXFileReference; fileEncoding = 4; lastKnownFileType = sourcecode.c.objc; path = "NSException+Convertor.m"; sourceTree = "<group>"; };
		FF63D9C91C8F2E0700C3548C /* NSData+Extension.swift */ = {isa = PBXFileReference; fileEncoding = 4; lastKnownFileType = sourcecode.swift; path = "NSData+Extension.swift"; sourceTree = "<group>"; };
		FF6692AD1CA0805A0092241D /* AddSecretValueCell.swift */ = {isa = PBXFileReference; fileEncoding = 4; lastKnownFileType = sourcecode.swift; path = AddSecretValueCell.swift; sourceTree = "<group>"; };
		FF89C05D1C8C16A800779E5D /* VaultCell.swift */ = {isa = PBXFileReference; fileEncoding = 4; lastKnownFileType = sourcecode.swift; path = VaultCell.swift; sourceTree = "<group>"; };
		FF89C0611C8C2D9A00779E5D /* Keys-Bridging-Header.h */ = {isa = PBXFileReference; lastKnownFileType = sourcecode.c.h; path = "Keys-Bridging-Header.h"; sourceTree = "<group>"; };
		FF89C0621C8C2D9A00779E5D /* AESCryptor.m */ = {isa = PBXFileReference; fileEncoding = 4; lastKnownFileType = sourcecode.c.objc; path = AESCryptor.m; sourceTree = "<group>"; };
		FF89C0641C8C2FE200779E5D /* AESCryptor.h */ = {isa = PBXFileReference; lastKnownFileType = sourcecode.c.h; path = AESCryptor.h; sourceTree = "<group>"; };
		FFA6C46B1C9698A20018F5CE /* GetPassphraseVC.swift */ = {isa = PBXFileReference; fileEncoding = 4; lastKnownFileType = sourcecode.swift; path = GetPassphraseVC.swift; sourceTree = "<group>"; };
		FFAB92CC1CC01F0C004421DA /* spanac.swift */ = {isa = PBXFileReference; fileEncoding = 4; lastKnownFileType = sourcecode.swift; path = spanac.swift; sourceTree = "<group>"; };
		FFB346851CBD3EFE00A7BFFB /* SecretVC.swift */ = {isa = PBXFileReference; fileEncoding = 4; lastKnownFileType = sourcecode.swift; path = SecretVC.swift; sourceTree = "<group>"; };
		FFB6646E1C877A8800D0157B /* Keys.app */ = {isa = PBXFileReference; explicitFileType = wrapper.application; includeInIndex = 0; path = Keys.app; sourceTree = BUILT_PRODUCTS_DIR; };
		FFB664711C877A8800D0157B /* AppDelegate.swift */ = {isa = PBXFileReference; lastKnownFileType = sourcecode.swift; path = AppDelegate.swift; sourceTree = "<group>"; };
		FFB664751C877A8800D0157B /* SecondViewController.swift */ = {isa = PBXFileReference; lastKnownFileType = sourcecode.swift; path = SecondViewController.swift; sourceTree = "<group>"; };
		FFB664781C877A8800D0157B /* Base */ = {isa = PBXFileReference; lastKnownFileType = file.storyboard; name = Base; path = Base.lproj/Main.storyboard; sourceTree = "<group>"; };
		FFB6647A1C877A8800D0157B /* Assets.xcassets */ = {isa = PBXFileReference; lastKnownFileType = folder.assetcatalog; path = Assets.xcassets; sourceTree = "<group>"; };
		FFB6647D1C877A8800D0157B /* Base */ = {isa = PBXFileReference; lastKnownFileType = file.storyboard; name = Base; path = Base.lproj/LaunchScreen.storyboard; sourceTree = "<group>"; };
		FFB6647F1C877A8800D0157B /* Info.plist */ = {isa = PBXFileReference; lastKnownFileType = text.plist.xml; path = Info.plist; sourceTree = "<group>"; };
		FFB664841C877A8800D0157B /* KeysTests.xctest */ = {isa = PBXFileReference; explicitFileType = wrapper.cfbundle; includeInIndex = 0; path = KeysTests.xctest; sourceTree = BUILT_PRODUCTS_DIR; };
		FFB664881C877A8800D0157B /* KeysTests.swift */ = {isa = PBXFileReference; lastKnownFileType = sourcecode.swift; path = KeysTests.swift; sourceTree = "<group>"; };
		FFB6648A1C877A8800D0157B /* Info.plist */ = {isa = PBXFileReference; lastKnownFileType = text.plist.xml; path = Info.plist; sourceTree = "<group>"; };
		FFB6648F1C877A8800D0157B /* KeysUITests.xctest */ = {isa = PBXFileReference; explicitFileType = wrapper.cfbundle; includeInIndex = 0; path = KeysUITests.xctest; sourceTree = BUILT_PRODUCTS_DIR; };
		FFB664931C877A8800D0157B /* KeysUITests.swift */ = {isa = PBXFileReference; lastKnownFileType = sourcecode.swift; path = KeysUITests.swift; sourceTree = "<group>"; };
		FFB664951C877A8800D0157B /* Info.plist */ = {isa = PBXFileReference; lastKnownFileType = text.plist.xml; path = Info.plist; sourceTree = "<group>"; };
		FFB664A21C877DCB00D0157B /* Vault.swift */ = {isa = PBXFileReference; fileEncoding = 4; lastKnownFileType = sourcecode.swift; path = Vault.swift; sourceTree = "<group>"; };
		FFB664A41C87800B00D0157B /* Secret.swift */ = {isa = PBXFileReference; fileEncoding = 4; lastKnownFileType = sourcecode.swift; path = Secret.swift; sourceTree = "<group>"; };
		FFB664A61C8780DB00D0157B /* SecretField.swift */ = {isa = PBXFileReference; fileEncoding = 4; lastKnownFileType = sourcecode.swift; path = SecretField.swift; sourceTree = "<group>"; };
		FFB664A81C8784DF00D0157B /* Repository.swift */ = {isa = PBXFileReference; fileEncoding = 4; lastKnownFileType = sourcecode.swift; path = Repository.swift; sourceTree = "<group>"; };
		FFBA520A1CAAFEF9001D4B33 /* SecretCell.swift */ = {isa = PBXFileReference; fileEncoding = 4; lastKnownFileType = sourcecode.swift; path = SecretCell.swift; sourceTree = "<group>"; };
		FFD8440C1C9D714500D46E7F /* Image.swift */ = {isa = PBXFileReference; fileEncoding = 4; lastKnownFileType = sourcecode.swift; path = Image.swift; sourceTree = "<group>"; };
		FFD8440E1C9D7FEA00D46E7F /* AddSecretVC.swift */ = {isa = PBXFileReference; fileEncoding = 4; lastKnownFileType = sourcecode.swift; path = AddSecretVC.swift; sourceTree = "<group>"; };
		FFD980B01C88610D004DF3D2 /* VaultsVC.swift */ = {isa = PBXFileReference; fileEncoding = 4; lastKnownFileType = sourcecode.swift; path = VaultsVC.swift; sourceTree = "<group>"; };
		FFD980B21C8868D3004DF3D2 /* Readme */ = {isa = PBXFileReference; lastKnownFileType = text; path = Readme; sourceTree = "<group>"; };
		FFDB261C1CBD7B4400858CB3 /* SecretVCTitleCell.swift */ = {isa = PBXFileReference; fileEncoding = 4; lastKnownFileType = sourcecode.swift; path = SecretVCTitleCell.swift; sourceTree = "<group>"; };
		FFE568AE1CA5D99E009FC98A /* AddSecretNoteCell.swift */ = {isa = PBXFileReference; fileEncoding = 4; lastKnownFileType = sourcecode.swift; path = AddSecretNoteCell.swift; sourceTree = "<group>"; };
		FFE73D8B1CA2B62C0061B2BD /* MenuVC.swift */ = {isa = PBXFileReference; fileEncoding = 4; lastKnownFileType = sourcecode.swift; path = MenuVC.swift; sourceTree = "<group>"; };
		FFF5E49C1C89C68500CD7DF5 /* VaultFile.swift */ = {isa = PBXFileReference; fileEncoding = 4; lastKnownFileType = sourcecode.swift; path = VaultFile.swift; sourceTree = "<group>"; };
		FFFECE631CADAB2900E7C484 /* RecordDescriptor.swift */ = {isa = PBXFileReference; fileEncoding = 4; lastKnownFileType = sourcecode.swift; path = RecordDescriptor.swift; sourceTree = "<group>"; };
		FFFECE651CADAB3B00E7C484 /* RowDescriptor.swift */ = {isa = PBXFileReference; fileEncoding = 4; lastKnownFileType = sourcecode.swift; path = RowDescriptor.swift; sourceTree = "<group>"; };
		FFFECE671CADAC2400E7C484 /* TypeRowDescriptor.swift */ = {isa = PBXFileReference; fileEncoding = 4; lastKnownFileType = sourcecode.swift; path = TypeRowDescriptor.swift; sourceTree = "<group>"; };
		FFFECE691CADB0B300E7C484 /* SecretFieldRowDescriptor.swift */ = {isa = PBXFileReference; fileEncoding = 4; lastKnownFileType = sourcecode.swift; path = SecretFieldRowDescriptor.swift; sourceTree = "<group>"; };
		FFFECE6D1CADB1A800E7C484 /* AddFieldRowDescriptor.swift */ = {isa = PBXFileReference; fileEncoding = 4; lastKnownFileType = sourcecode.swift; path = AddFieldRowDescriptor.swift; sourceTree = "<group>"; };
/* End PBXFileReference section */

/* Begin PBXFrameworksBuildPhase section */
		FFB6646B1C877A8800D0157B /* Frameworks */ = {
			isa = PBXFrameworksBuildPhase;
			buildActionMask = 2147483647;
			files = (
			);
			runOnlyForDeploymentPostprocessing = 0;
		};
		FFB664811C877A8800D0157B /* Frameworks */ = {
			isa = PBXFrameworksBuildPhase;
			buildActionMask = 2147483647;
			files = (
			);
			runOnlyForDeploymentPostprocessing = 0;
		};
		FFB6648C1C877A8800D0157B /* Frameworks */ = {
			isa = PBXFrameworksBuildPhase;
			buildActionMask = 2147483647;
			files = (
			);
			runOnlyForDeploymentPostprocessing = 0;
		};
/* End PBXFrameworksBuildPhase section */

/* Begin PBXGroup section */
		FF086F4C1C90007E002C78F0 /* Security */ = {
			isa = PBXGroup;
			children = (
				FF89C0641C8C2FE200779E5D /* AESCryptor.h */,
				FF89C0621C8C2D9A00779E5D /* AESCryptor.m */,
				FF086F4D1C9000BC002C78F0 /* SecurityContext.swift */,
			);
			name = Security;
			sourceTree = "<group>";
		};
		FF086F4F1C9076F9002C78F0 /* Auxiliary */ = {
			isa = PBXGroup;
			children = (
				FFB6647A1C877A8800D0157B /* Assets.xcassets */,
				FFB6647C1C877A8800D0157B /* LaunchScreen.storyboard */,
				FF89C0611C8C2D9A00779E5D /* Keys-Bridging-Header.h */,
				FFB6647F1C877A8800D0157B /* Info.plist */,
				FFD980B21C8868D3004DF3D2 /* Readme */,
			);
			name = Auxiliary;
			sourceTree = "<group>";
		};
		FF3F56711CBE899B00450DF4 /* SecretVC */ = {
			isa = PBXGroup;
			children = (
				FFB346851CBD3EFE00A7BFFB /* SecretVC.swift */,
				FFDB261C1CBD7B4400858CB3 /* SecretVCTitleCell.swift */,
				FF3F56721CBE89D200450DF4 /* SecretVCFieldCell.swift */,
				FF3F56741CBE89E000450DF4 /* SecretVCNoteCell.swift */,
			);
			name = SecretVC;
			sourceTree = "<group>";
		};
		FF63D9BA1C8ED37E00C3548C /* Objective-C Wrappers */ = {
			isa = PBXGroup;
			children = (
				FF63D9C21C8ED5B400C3548C /* NSData+ErrorHandling.h */,
				FF63D9C31C8ED5B400C3548C /* NSData+ErrorHandling.m */,
				FF63D9C51C8EF45C00C3548C /* NSException+Convertor.h */,
				FF63D9C61C8EF45C00C3548C /* NSException+Convertor.m */,
			);
			name = "Objective-C Wrappers";
			sourceTree = "<group>";
		};
		FF63D9C81C8F2DD800C3548C /* Extensions */ = {
			isa = PBXGroup;
			children = (
				FF63D9C91C8F2E0700C3548C /* NSData+Extension.swift */,
			);
			name = Extensions;
			sourceTree = "<group>";
		};
		FF6692AC1CA080260092241D /* Add Secret Cells */ = {
			isa = PBXGroup;
			children = (
				FF6692AD1CA0805A0092241D /* AddSecretValueCell.swift */,
				FFE568AE1CA5D99E009FC98A /* AddSecretNoteCell.swift */,
			);
			name = "Add Secret Cells";
			sourceTree = "<group>";
		};
		FFB664651C877A8800D0157B = {
			isa = PBXGroup;
			children = (
				FFB664701C877A8800D0157B /* Keys */,
				FFB664871C877A8800D0157B /* KeysTests */,
				FFB664921C877A8800D0157B /* KeysUITests */,
				FFB6646F1C877A8800D0157B /* Products */,
			);
			sourceTree = "<group>";
		};
		FFB6646F1C877A8800D0157B /* Products */ = {
			isa = PBXGroup;
			children = (
				FFB6646E1C877A8800D0157B /* Keys.app */,
				FFB664841C877A8800D0157B /* KeysTests.xctest */,
				FFB6648F1C877A8800D0157B /* KeysUITests.xctest */,
			);
			name = Products;
			sourceTree = "<group>";
		};
		FFB664701C877A8800D0157B /* Keys */ = {
			isa = PBXGroup;
			children = (
				FF086F4F1C9076F9002C78F0 /* Auxiliary */,
				FF086F4C1C90007E002C78F0 /* Security */,
				FF63D9C81C8F2DD800C3548C /* Extensions */,
				FF63D9BA1C8ED37E00C3548C /* Objective-C Wrappers */,
				FFD980AF1C8860D8004DF3D2 /* View Controllers */,
				FFB664A11C877DA700D0157B /* Vaults */,
				FFB664711C877A8800D0157B /* AppDelegate.swift */,
				FFB664771C877A8800D0157B /* Main.storyboard */,
			);
			path = Keys;
			sourceTree = "<group>";
		};
		FFB664871C877A8800D0157B /* KeysTests */ = {
			isa = PBXGroup;
			children = (
				FFB664881C877A8800D0157B /* KeysTests.swift */,
				FFB6648A1C877A8800D0157B /* Info.plist */,
			);
			path = KeysTests;
			sourceTree = "<group>";
		};
		FFB664921C877A8800D0157B /* KeysUITests */ = {
			isa = PBXGroup;
			children = (
				FFB664931C877A8800D0157B /* KeysUITests.swift */,
				FFB664951C877A8800D0157B /* Info.plist */,
			);
			path = KeysUITests;
			sourceTree = "<group>";
		};
		FFB664A11C877DA700D0157B /* Vaults */ = {
			isa = PBXGroup;
			children = (
				FFB664A81C8784DF00D0157B /* Repository.swift */,
				FFF5E49C1C89C68500CD7DF5 /* VaultFile.swift */,
				FFB664A21C877DCB00D0157B /* Vault.swift */,
				FFB664A41C87800B00D0157B /* Secret.swift */,
				FFB664A61C8780DB00D0157B /* SecretField.swift */,
				FFD8440C1C9D714500D46E7F /* Image.swift */,
				FFAB92CC1CC01F0C004421DA /* spanac.swift */,
			);
			name = Vaults;
			sourceTree = "<group>";
		};
		FFD980AF1C8860D8004DF3D2 /* View Controllers */ = {
			isa = PBXGroup;
			children = (
				FF3F56711CBE899B00450DF4 /* SecretVC */,
				FFFECE621CADAAFD00E7C484 /* Add Secret Row Descriptors */,
				FF6692AC1CA080260092241D /* Add Secret Cells */,
				FFD980B01C88610D004DF3D2 /* VaultsVC.swift */,
				FF89C05D1C8C16A800779E5D /* VaultCell.swift */,
				FFA6C46B1C9698A20018F5CE /* GetPassphraseVC.swift */,
				FF086F501C907760002C78F0 /* ZeroVaultsVC.swift */,
				FF4B549D1C945EBA00522159 /* AddVaultTVC.swift */,
				FF5C526B1C99AC2600916E1B /* VaultVC.swift */,
				FFBA520A1CAAFEF9001D4B33 /* SecretCell.swift */,
				FFD8440E1C9D7FEA00D46E7F /* AddSecretVC.swift */,
				FFB664751C877A8800D0157B /* SecondViewController.swift */,
				FFE73D8B1CA2B62C0061B2BD /* MenuVC.swift */,
			);
			name = "View Controllers";
			sourceTree = "<group>";
		};
		FFFECE621CADAAFD00E7C484 /* Add Secret Row Descriptors */ = {
			isa = PBXGroup;
			children = (
				FFFECE631CADAB2900E7C484 /* RecordDescriptor.swift */,
				FFFECE651CADAB3B00E7C484 /* RowDescriptor.swift */,
				FFFECE671CADAC2400E7C484 /* TypeRowDescriptor.swift */,
				FFFECE691CADB0B300E7C484 /* SecretFieldRowDescriptor.swift */,
				FFFECE6D1CADB1A800E7C484 /* AddFieldRowDescriptor.swift */,
			);
			name = "Add Secret Row Descriptors";
			sourceTree = "<group>";
		};
/* End PBXGroup section */

/* Begin PBXNativeTarget section */
		FFB6646D1C877A8800D0157B /* Keys */ = {
			isa = PBXNativeTarget;
			buildConfigurationList = FFB664981C877A8800D0157B /* Build configuration list for PBXNativeTarget "Keys" */;
			buildPhases = (
				FFB6646A1C877A8800D0157B /* Sources */,
				FFB6646B1C877A8800D0157B /* Frameworks */,
				FFB6646C1C877A8800D0157B /* Resources */,
			);
			buildRules = (
			);
			dependencies = (
			);
			name = Keys;
			productName = Keys;
			productReference = FFB6646E1C877A8800D0157B /* Keys.app */;
			productType = "com.apple.product-type.application";
		};
		FFB664831C877A8800D0157B /* KeysTests */ = {
			isa = PBXNativeTarget;
			buildConfigurationList = FFB6649B1C877A8800D0157B /* Build configuration list for PBXNativeTarget "KeysTests" */;
			buildPhases = (
				FFB664801C877A8800D0157B /* Sources */,
				FFB664811C877A8800D0157B /* Frameworks */,
				FFB664821C877A8800D0157B /* Resources */,
			);
			buildRules = (
			);
			dependencies = (
				FFB664861C877A8800D0157B /* PBXTargetDependency */,
			);
			name = KeysTests;
			productName = KeysTests;
			productReference = FFB664841C877A8800D0157B /* KeysTests.xctest */;
			productType = "com.apple.product-type.bundle.unit-test";
		};
		FFB6648E1C877A8800D0157B /* KeysUITests */ = {
			isa = PBXNativeTarget;
			buildConfigurationList = FFB6649E1C877A8800D0157B /* Build configuration list for PBXNativeTarget "KeysUITests" */;
			buildPhases = (
				FFB6648B1C877A8800D0157B /* Sources */,
				FFB6648C1C877A8800D0157B /* Frameworks */,
				FFB6648D1C877A8800D0157B /* Resources */,
			);
			buildRules = (
			);
			dependencies = (
				FFB664911C877A8800D0157B /* PBXTargetDependency */,
			);
			name = KeysUITests;
			productName = KeysUITests;
			productReference = FFB6648F1C877A8800D0157B /* KeysUITests.xctest */;
			productType = "com.apple.product-type.bundle.ui-testing";
		};
/* End PBXNativeTarget section */

/* Begin PBXProject section */
		FFB664661C877A8800D0157B /* Project object */ = {
			isa = PBXProject;
			attributes = {
				LastSwiftUpdateCheck = 0720;
				LastUpgradeCheck = 0720;
				ORGANIZATIONNAME = "Sorin Lumezeanu";
				TargetAttributes = {
					FFB6646D1C877A8800D0157B = {
						CreatedOnToolsVersion = 7.2;
					};
					FFB664831C877A8800D0157B = {
						CreatedOnToolsVersion = 7.2;
						TestTargetID = FFB6646D1C877A8800D0157B;
					};
					FFB6648E1C877A8800D0157B = {
						CreatedOnToolsVersion = 7.2;
						TestTargetID = FFB6646D1C877A8800D0157B;
					};
				};
			};
			buildConfigurationList = FFB664691C877A8800D0157B /* Build configuration list for PBXProject "Keys" */;
			compatibilityVersion = "Xcode 3.2";
			developmentRegion = English;
			hasScannedForEncodings = 0;
			knownRegions = (
				en,
				Base,
			);
			mainGroup = FFB664651C877A8800D0157B;
			productRefGroup = FFB6646F1C877A8800D0157B /* Products */;
			projectDirPath = "";
			projectRoot = "";
			targets = (
				FFB6646D1C877A8800D0157B /* Keys */,
				FFB664831C877A8800D0157B /* KeysTests */,
				FFB6648E1C877A8800D0157B /* KeysUITests */,
			);
		};
/* End PBXProject section */

/* Begin PBXResourcesBuildPhase section */
		FFB6646C1C877A8800D0157B /* Resources */ = {
			isa = PBXResourcesBuildPhase;
			buildActionMask = 2147483647;
			files = (
				FFB6647E1C877A8800D0157B /* LaunchScreen.storyboard in Resources */,
				FFB6647B1C877A8800D0157B /* Assets.xcassets in Resources */,
				FFB664791C877A8800D0157B /* Main.storyboard in Resources */,
			);
			runOnlyForDeploymentPostprocessing = 0;
		};
		FFB664821C877A8800D0157B /* Resources */ = {
			isa = PBXResourcesBuildPhase;
			buildActionMask = 2147483647;
			files = (
			);
			runOnlyForDeploymentPostprocessing = 0;
		};
		FFB6648D1C877A8800D0157B /* Resources */ = {
			isa = PBXResourcesBuildPhase;
			buildActionMask = 2147483647;
			files = (
			);
			runOnlyForDeploymentPostprocessing = 0;
		};
/* End PBXResourcesBuildPhase section */

/* Begin PBXSourcesBuildPhase section */
		FFB6646A1C877A8800D0157B /* Sources */ = {
			isa = PBXSourcesBuildPhase;
			buildActionMask = 2147483647;
			files = (
				FFB664761C877A8800D0157B /* SecondViewController.swift in Sources */,
				FF086F511C907760002C78F0 /* ZeroVaultsVC.swift in Sources */,
				FF086F4E1C9000BC002C78F0 /* SecurityContext.swift in Sources */,
				FF6692AE1CA0805A0092241D /* AddSecretValueCell.swift in Sources */,
				FFFECE6E1CADB1A800E7C484 /* AddFieldRowDescriptor.swift in Sources */,
				FFA6C46C1C9698A20018F5CE /* GetPassphraseVC.swift in Sources */,
				FFB664A51C87800B00D0157B /* Secret.swift in Sources */,
				FF63D9CA1C8F2E0700C3548C /* NSData+Extension.swift in Sources */,
				FFD8440D1C9D714500D46E7F /* Image.swift in Sources */,
				FF3F56731CBE89D200450DF4 /* SecretVCFieldCell.swift in Sources */,
				FF5C526C1C99AC2600916E1B /* VaultVC.swift in Sources */,
				FFBA520B1CAAFEFA001D4B33 /* SecretCell.swift in Sources */,
				FF4B549E1C945EBA00522159 /* AddVaultTVC.swift in Sources */,
				FF63D9C41C8ED5B400C3548C /* NSData+ErrorHandling.m in Sources */,
				FFE568AF1CA5D99E009FC98A /* AddSecretNoteCell.swift in Sources */,
				FF89C05E1C8C16A800779E5D /* VaultCell.swift in Sources */,
				FFFECE661CADAB3B00E7C484 /* RowDescriptor.swift in Sources */,
				FFFECE6A1CADB0B300E7C484 /* SecretFieldRowDescriptor.swift in Sources */,
				FFB664A91C8784DF00D0157B /* Repository.swift in Sources */,
				FFD8440F1C9D7FEA00D46E7F /* AddSecretVC.swift in Sources */,
				FFFECE681CADAC2400E7C484 /* TypeRowDescriptor.swift in Sources */,
				FFB664A71C8780DB00D0157B /* SecretField.swift in Sources */,
				FF3F56751CBE89E000450DF4 /* SecretVCNoteCell.swift in Sources */,
				FFB664721C877A8800D0157B /* AppDelegate.swift in Sources */,
				FFDB261D1CBD7B4400858CB3 /* SecretVCTitleCell.swift in Sources */,
				FFB664A31C877DCB00D0157B /* Vault.swift in Sources */,
				FFE73D8C1CA2B62C0061B2BD /* MenuVC.swift in Sources */,
				FFAB92CD1CC01F0C004421DA /* spanac.swift in Sources */,
				FFB346861CBD3EFE00A7BFFB /* SecretVC.swift in Sources */,
				FFF5E49D1C89C68500CD7DF5 /* VaultFile.swift in Sources */,
				FFD980B11C88610D004DF3D2 /* VaultsVC.swift in Sources */,
				FF89C0631C8C2D9A00779E5D /* AESCryptor.m in Sources */,
				FF63D9C71C8EF45C00C3548C /* NSException+Convertor.m in Sources */,
				FFFECE641CADAB2900E7C484 /* RecordDescriptor.swift in Sources */,
			);
			runOnlyForDeploymentPostprocessing = 0;
		};
		FFB664801C877A8800D0157B /* Sources */ = {
			isa = PBXSourcesBuildPhase;
			buildActionMask = 2147483647;
			files = (
				FFB664891C877A8800D0157B /* KeysTests.swift in Sources */,
			);
			runOnlyForDeploymentPostprocessing = 0;
		};
		FFB6648B1C877A8800D0157B /* Sources */ = {
			isa = PBXSourcesBuildPhase;
			buildActionMask = 2147483647;
			files = (
				FFB664941C877A8800D0157B /* KeysUITests.swift in Sources */,
			);
			runOnlyForDeploymentPostprocessing = 0;
		};
/* End PBXSourcesBuildPhase section */

/* Begin PBXTargetDependency section */
		FFB664861C877A8800D0157B /* PBXTargetDependency */ = {
			isa = PBXTargetDependency;
			target = FFB6646D1C877A8800D0157B /* Keys */;
			targetProxy = FFB664851C877A8800D0157B /* PBXContainerItemProxy */;
		};
		FFB664911C877A8800D0157B /* PBXTargetDependency */ = {
			isa = PBXTargetDependency;
			target = FFB6646D1C877A8800D0157B /* Keys */;
			targetProxy = FFB664901C877A8800D0157B /* PBXContainerItemProxy */;
		};
/* End PBXTargetDependency section */

/* Begin PBXVariantGroup section */
		FFB664771C877A8800D0157B /* Main.storyboard */ = {
			isa = PBXVariantGroup;
			children = (
				FFB664781C877A8800D0157B /* Base */,
			);
			name = Main.storyboard;
			sourceTree = "<group>";
		};
		FFB6647C1C877A8800D0157B /* LaunchScreen.storyboard */ = {
			isa = PBXVariantGroup;
			children = (
				FFB6647D1C877A8800D0157B /* Base */,
			);
			name = LaunchScreen.storyboard;
			sourceTree = "<group>";
		};
/* End PBXVariantGroup section */

/* Begin XCBuildConfiguration section */
		FFB664961C877A8800D0157B /* Debug */ = {
			isa = XCBuildConfiguration;
			buildSettings = {
				ALWAYS_SEARCH_USER_PATHS = NO;
				CLANG_CXX_LANGUAGE_STANDARD = "gnu++0x";
				CLANG_CXX_LIBRARY = "libc++";
				CLANG_ENABLE_MODULES = YES;
				CLANG_ENABLE_OBJC_ARC = YES;
				CLANG_WARN_BOOL_CONVERSION = YES;
				CLANG_WARN_CONSTANT_CONVERSION = YES;
				CLANG_WARN_DIRECT_OBJC_ISA_USAGE = YES_ERROR;
				CLANG_WARN_EMPTY_BODY = YES;
				CLANG_WARN_ENUM_CONVERSION = YES;
				CLANG_WARN_INT_CONVERSION = YES;
				CLANG_WARN_OBJC_ROOT_CLASS = YES_ERROR;
				CLANG_WARN_UNREACHABLE_CODE = YES;
				CLANG_WARN__DUPLICATE_METHOD_MATCH = YES;
				"CODE_SIGN_IDENTITY[sdk=iphoneos*]" = "iPhone Developer";
				COPY_PHASE_STRIP = NO;
				DEBUG_INFORMATION_FORMAT = dwarf;
				ENABLE_STRICT_OBJC_MSGSEND = YES;
				ENABLE_TESTABILITY = YES;
				GCC_C_LANGUAGE_STANDARD = gnu99;
				GCC_DYNAMIC_NO_PIC = NO;
				GCC_NO_COMMON_BLOCKS = YES;
				GCC_OPTIMIZATION_LEVEL = 0;
				GCC_PREPROCESSOR_DEFINITIONS = (
					"DEBUG=1",
					"$(inherited)",
				);
				GCC_WARN_64_TO_32_BIT_CONVERSION = YES;
				GCC_WARN_ABOUT_RETURN_TYPE = YES_ERROR;
				GCC_WARN_UNDECLARED_SELECTOR = YES;
				GCC_WARN_UNINITIALIZED_AUTOS = YES_AGGRESSIVE;
				GCC_WARN_UNUSED_FUNCTION = YES;
				GCC_WARN_UNUSED_VARIABLE = YES;
				IPHONEOS_DEPLOYMENT_TARGET = 9.2;
				MTL_ENABLE_DEBUG_INFO = YES;
				ONLY_ACTIVE_ARCH = YES;
				SDKROOT = iphoneos;
				SWIFT_OPTIMIZATION_LEVEL = "-Onone";
			};
			name = Debug;
		};
		FFB664971C877A8800D0157B /* Release */ = {
			isa = XCBuildConfiguration;
			buildSettings = {
				ALWAYS_SEARCH_USER_PATHS = NO;
				CLANG_CXX_LANGUAGE_STANDARD = "gnu++0x";
				CLANG_CXX_LIBRARY = "libc++";
				CLANG_ENABLE_MODULES = YES;
				CLANG_ENABLE_OBJC_ARC = YES;
				CLANG_WARN_BOOL_CONVERSION = YES;
				CLANG_WARN_CONSTANT_CONVERSION = YES;
				CLANG_WARN_DIRECT_OBJC_ISA_USAGE = YES_ERROR;
				CLANG_WARN_EMPTY_BODY = YES;
				CLANG_WARN_ENUM_CONVERSION = YES;
				CLANG_WARN_INT_CONVERSION = YES;
				CLANG_WARN_OBJC_ROOT_CLASS = YES_ERROR;
				CLANG_WARN_UNREACHABLE_CODE = YES;
				CLANG_WARN__DUPLICATE_METHOD_MATCH = YES;
				"CODE_SIGN_IDENTITY[sdk=iphoneos*]" = "iPhone Developer";
				COPY_PHASE_STRIP = NO;
				DEBUG_INFORMATION_FORMAT = "dwarf-with-dsym";
				ENABLE_NS_ASSERTIONS = NO;
				ENABLE_STRICT_OBJC_MSGSEND = YES;
				GCC_C_LANGUAGE_STANDARD = gnu99;
				GCC_NO_COMMON_BLOCKS = YES;
				GCC_WARN_64_TO_32_BIT_CONVERSION = YES;
				GCC_WARN_ABOUT_RETURN_TYPE = YES_ERROR;
				GCC_WARN_UNDECLARED_SELECTOR = YES;
				GCC_WARN_UNINITIALIZED_AUTOS = YES_AGGRESSIVE;
				GCC_WARN_UNUSED_FUNCTION = YES;
				GCC_WARN_UNUSED_VARIABLE = YES;
				IPHONEOS_DEPLOYMENT_TARGET = 9.2;
				MTL_ENABLE_DEBUG_INFO = NO;
				SDKROOT = iphoneos;
				VALIDATE_PRODUCT = YES;
			};
			name = Release;
		};
		FFB664991C877A8800D0157B /* Debug */ = {
			isa = XCBuildConfiguration;
			buildSettings = {
				ASSETCATALOG_COMPILER_APPICON_NAME = AppIcon;
				CLANG_ENABLE_MODULES = YES;
				INFOPLIST_FILE = Keys/Info.plist;
				LD_RUNPATH_SEARCH_PATHS = "$(inherited) @executable_path/Frameworks";
				PRODUCT_BUNDLE_IDENTIFIER = com.lumezeanu.sorin.Keys;
				PRODUCT_NAME = "$(TARGET_NAME)";
				SWIFT_OBJC_BRIDGING_HEADER = "Keys/Keys-Bridging-Header.h";
				SWIFT_OPTIMIZATION_LEVEL = "-Onone";
			};
			name = Debug;
		};
		FFB6649A1C877A8800D0157B /* Release */ = {
			isa = XCBuildConfiguration;
			buildSettings = {
				ASSETCATALOG_COMPILER_APPICON_NAME = AppIcon;
				CLANG_ENABLE_MODULES = YES;
				INFOPLIST_FILE = Keys/Info.plist;
				LD_RUNPATH_SEARCH_PATHS = "$(inherited) @executable_path/Frameworks";
				PRODUCT_BUNDLE_IDENTIFIER = com.lumezeanu.sorin.Keys;
				PRODUCT_NAME = "$(TARGET_NAME)";
				SWIFT_OBJC_BRIDGING_HEADER = "Keys/Keys-Bridging-Header.h";
			};
			name = Release;
		};
		FFB6649C1C877A8800D0157B /* Debug */ = {
			isa = XCBuildConfiguration;
			buildSettings = {
				BUNDLE_LOADER = "$(TEST_HOST)";
				INFOPLIST_FILE = KeysTests/Info.plist;
				LD_RUNPATH_SEARCH_PATHS = "$(inherited) @executable_path/Frameworks @loader_path/Frameworks";
				PRODUCT_BUNDLE_IDENTIFIER = com.lumezeanu.sorin.KeysTests;
				PRODUCT_NAME = "$(TARGET_NAME)";
				TEST_HOST = "$(BUILT_PRODUCTS_DIR)/Keys.app/Keys";
			};
			name = Debug;
		};
		FFB6649D1C877A8800D0157B /* Release */ = {
			isa = XCBuildConfiguration;
			buildSettings = {
				BUNDLE_LOADER = "$(TEST_HOST)";
				INFOPLIST_FILE = KeysTests/Info.plist;
				LD_RUNPATH_SEARCH_PATHS = "$(inherited) @executable_path/Frameworks @loader_path/Frameworks";
				PRODUCT_BUNDLE_IDENTIFIER = com.lumezeanu.sorin.KeysTests;
				PRODUCT_NAME = "$(TARGET_NAME)";
				TEST_HOST = "$(BUILT_PRODUCTS_DIR)/Keys.app/Keys";
			};
			name = Release;
		};
		FFB6649F1C877A8800D0157B /* Debug */ = {
			isa = XCBuildConfiguration;
			buildSettings = {
				INFOPLIST_FILE = KeysUITests/Info.plist;
				LD_RUNPATH_SEARCH_PATHS = "$(inherited) @executable_path/Frameworks @loader_path/Frameworks";
				PRODUCT_BUNDLE_IDENTIFIER = com.lumezeanu.sorin.KeysUITests;
				PRODUCT_NAME = "$(TARGET_NAME)";
				TEST_TARGET_NAME = Keys;
				USES_XCTRUNNER = YES;
			};
			name = Debug;
		};
		FFB664A01C877A8800D0157B /* Release */ = {
			isa = XCBuildConfiguration;
			buildSettings = {
				INFOPLIST_FILE = KeysUITests/Info.plist;
				LD_RUNPATH_SEARCH_PATHS = "$(inherited) @executable_path/Frameworks @loader_path/Frameworks";
				PRODUCT_BUNDLE_IDENTIFIER = com.lumezeanu.sorin.KeysUITests;
				PRODUCT_NAME = "$(TARGET_NAME)";
				TEST_TARGET_NAME = Keys;
				USES_XCTRUNNER = YES;
			};
			name = Release;
		};
/* End XCBuildConfiguration section */

/* Begin XCConfigurationList section */
		FFB664691C877A8800D0157B /* Build configuration list for PBXProject "Keys" */ = {
			isa = XCConfigurationList;
			buildConfigurations = (
				FFB664961C877A8800D0157B /* Debug */,
				FFB664971C877A8800D0157B /* Release */,
			);
			defaultConfigurationIsVisible = 0;
			defaultConfigurationName = Release;
		};
		FFB664981C877A8800D0157B /* Build configuration list for PBXNativeTarget "Keys" */ = {
			isa = XCConfigurationList;
			buildConfigurations = (
				FFB664991C877A8800D0157B /* Debug */,
				FFB6649A1C877A8800D0157B /* Release */,
			);
			defaultConfigurationIsVisible = 0;
			defaultConfigurationName = Release;
		};
		FFB6649B1C877A8800D0157B /* Build configuration list for PBXNativeTarget "KeysTests" */ = {
			isa = XCConfigurationList;
			buildConfigurations = (
				FFB6649C1C877A8800D0157B /* Debug */,
				FFB6649D1C877A8800D0157B /* Release */,
			);
			defaultConfigurationIsVisible = 0;
			defaultConfigurationName = Release;
		};
		FFB6649E1C877A8800D0157B /* Build configuration list for PBXNativeTarget "KeysUITests" */ = {
			isa = XCConfigurationList;
			buildConfigurations = (
				FFB6649F1C877A8800D0157B /* Debug */,
				FFB664A01C877A8800D0157B /* Release */,
			);
			defaultConfigurationIsVisible = 0;
			defaultConfigurationName = Release;
		};
/* End XCConfigurationList section */
	};
	rootObject = FFB664661C877A8800D0157B /* Project object */;
}
